
Microsoft Visual Studio Solution File, Format Version 12.00
# Visual Studio Version 17
VisualStudioVersion = 17.9.34728.123
MinimumVisualStudioVersion = 10.0.40219.1
Project("{2150E333-8FDC-42A3-9474-1A3956D46DE8}") = "src", "src", "{7D764CF5-1A61-4515-BACC-9B46115D186B}"
EndProject
Project("{2150E333-8FDC-42A3-9474-1A3956D46DE8}") = "tests", "tests", "{20D36206-8405-427C-B8CA-32A1C62E299D}"
EndProject
Project("{9A19103F-16F7-4668-BE54-9A1E7A4F7556}") = "CashFlow.Api", "src\CashFlow.Api\CashFlow.Api.csproj", "{51DB8FE0-8CBB-4E27-B8AD-F3E9E2856949}"
EndProject
Project("{9A19103F-16F7-4668-BE54-9A1E7A4F7556}") = "CashFlow.Domain", "src\CashFlow.Domain\CashFlow.Domain.csproj", "{E653FD6D-CA76-47C3-83E8-0B328DE598AE}"
EndProject
Project("{9A19103F-16F7-4668-BE54-9A1E7A4F7556}") = "CashFlow.Application", "src\CashFlow.Application\CashFlow.Application.csproj", "{F59F4563-090E-46C3-A1A0-D2BF442A4CF4}"
EndProject
Project("{9A19103F-16F7-4668-BE54-9A1E7A4F7556}") = "CashFlow.Communication", "src\CashFlow.Communication\CashFlow.Communication.csproj", "{94D7D038-1186-41D1-802C-4D7206D6419A}"
EndProject
Project("{9A19103F-16F7-4668-BE54-9A1E7A4F7556}") = "CashFlow.Exception", "src\CashFlow.Exeception\CashFlow.Exception.csproj", "{F52959EB-758C-475B-B1B8-BFEA66FCF6ED}"
EndProject
Project("{9A19103F-16F7-4668-BE54-9A1E7A4F7556}") = "CashFlow.Infraestructure", "src\CashFlow.Infraestructure\CashFlow.Infraestructure.csproj", "{608B5E6D-B14F-4F5E-A5F7-B223E8569DA0}"
EndProject
Project("{9A19103F-16F7-4668-BE54-9A1E7A4F7556}") = "Validators.Tests", "tests\Validators.Tests\Validators.Tests.csproj", "{D9E7B74F-8F62-482E-B4CF-CD53906EB444}"
EndProject
Project("{FAE04EC0-301F-11D3-BF4B-00C04F79EFBC}") = "CommonTestUtilities", "tests\CommonTestUtilities\CommonTestUtilities.csproj", "{5725D856-43F5-49AD-9D54-02C7A8AE72AC}"
EndProject
Global
	GlobalSection(SolutionConfigurationPlatforms) = preSolution
		Debug|Any CPU = Debug|Any CPU
		Release|Any CPU = Release|Any CPU
	EndGlobalSection
	GlobalSection(ProjectConfigurationPlatforms) = postSolution
		{51DB8FE0-8CBB-4E27-B8AD-F3E9E2856949}.Debug|Any CPU.ActiveCfg = Debug|Any CPU
		{51DB8FE0-8CBB-4E27-B8AD-F3E9E2856949}.Debug|Any CPU.Build.0 = Debug|Any CPU
		{51DB8FE0-8CBB-4E27-B8AD-F3E9E2856949}.Release|Any CPU.ActiveCfg = Release|Any CPU
		{51DB8FE0-8CBB-4E27-B8AD-F3E9E2856949}.Release|Any CPU.Build.0 = Release|Any CPU
		{E653FD6D-CA76-47C3-83E8-0B328DE598AE}.Debug|Any CPU.ActiveCfg = Debug|Any CPU
		{E653FD6D-CA76-47C3-83E8-0B328DE598AE}.Debug|Any CPU.Build.0 = Debug|Any CPU
		{E653FD6D-CA76-47C3-83E8-0B328DE598AE}.Release|Any CPU.ActiveCfg = Release|Any CPU
		{E653FD6D-CA76-47C3-83E8-0B328DE598AE}.Release|Any CPU.Build.0 = Release|Any CPU
		{F59F4563-090E-46C3-A1A0-D2BF442A4CF4}.Debug|Any CPU.ActiveCfg = Debug|Any CPU
		{F59F4563-090E-46C3-A1A0-D2BF442A4CF4}.Debug|Any CPU.Build.0 = Debug|Any CPU
		{F59F4563-090E-46C3-A1A0-D2BF442A4CF4}.Release|Any CPU.ActiveCfg = Release|Any CPU
		{F59F4563-090E-46C3-A1A0-D2BF442A4CF4}.Release|Any CPU.Build.0 = Release|Any CPU
		{94D7D038-1186-41D1-802C-4D7206D6419A}.Debug|Any CPU.ActiveCfg = Debug|Any CPU
		{94D7D038-1186-41D1-802C-4D7206D6419A}.Debug|Any CPU.Build.0 = Debug|Any CPU
		{94D7D038-1186-41D1-802C-4D7206D6419A}.Release|Any CPU.ActiveCfg = Release|Any CPU
		{94D7D038-1186-41D1-802C-4D7206D6419A}.Release|Any CPU.Build.0 = Release|Any CPU
		{F52959EB-758C-475B-B1B8-BFEA66FCF6ED}.Debug|Any CPU.ActiveCfg = Debug|Any CPU
		{F52959EB-758C-475B-B1B8-BFEA66FCF6ED}.Debug|Any CPU.Build.0 = Debug|Any CPU
		{F52959EB-758C-475B-B1B8-BFEA66FCF6ED}.Release|Any CPU.ActiveCfg = Release|Any CPU
		{F52959EB-758C-475B-B1B8-BFEA66FCF6ED}.Release|Any CPU.Build.0 = Release|Any CPU
		{608B5E6D-B14F-4F5E-A5F7-B223E8569DA0}.Debug|Any CPU.ActiveCfg = Debug|Any CPU
		{608B5E6D-B14F-4F5E-A5F7-B223E8569DA0}.Debug|Any CPU.Build.0 = Debug|Any CPU
		{608B5E6D-B14F-4F5E-A5F7-B223E8569DA0}.Release|Any CPU.ActiveCfg = Release|Any CPU
		{608B5E6D-B14F-4F5E-A5F7-B223E8569DA0}.Release|Any CPU.Build.0 = Release|Any CPU
		{D9E7B74F-8F62-482E-B4CF-CD53906EB444}.Debug|Any CPU.ActiveCfg = Debug|Any CPU
		{D9E7B74F-8F62-482E-B4CF-CD53906EB444}.Debug|Any CPU.Build.0 = Debug|Any CPU
		{D9E7B74F-8F62-482E-B4CF-CD53906EB444}.Release|Any CPU.ActiveCfg = Release|Any CPU
		{D9E7B74F-8F62-482E-B4CF-CD53906EB444}.Release|Any CPU.Build.0 = Release|Any CPU
		{5725D856-43F5-49AD-9D54-02C7A8AE72AC}.Debug|Any CPU.ActiveCfg = Debug|Any CPU
		{5725D856-43F5-49AD-9D54-02C7A8AE72AC}.Debug|Any CPU.Build.0 = Debug|Any CPU
		{5725D856-43F5-49AD-9D54-02C7A8AE72AC}.Release|Any CPU.ActiveCfg = Release|Any CPU
		{5725D856-43F5-49AD-9D54-02C7A8AE72AC}.Release|Any CPU.Build.0 = Release|Any CPU
	EndGlobalSection
	GlobalSection(SolutionProperties) = preSolution
		HideSolutionNode = FALSE
	EndGlobalSection
	GlobalSection(NestedProjects) = preSolution
		{51DB8FE0-8CBB-4E27-B8AD-F3E9E2856949} = {7D764CF5-1A61-4515-BACC-9B46115D186B}
		{E653FD6D-CA76-47C3-83E8-0B328DE598AE} = {7D764CF5-1A61-4515-BACC-9B46115D186B}
		{F59F4563-090E-46C3-A1A0-D2BF442A4CF4} = {7D764CF5-1A61-4515-BACC-9B46115D186B}
		{94D7D038-1186-41D1-802C-4D7206D6419A} = {7D764CF5-1A61-4515-BACC-9B46115D186B}
		{F52959EB-758C-475B-B1B8-BFEA66FCF6ED} = {7D764CF5-1A61-4515-BACC-9B46115D186B}
		{608B5E6D-B14F-4F5E-A5F7-B223E8569DA0} = {7D764CF5-1A61-4515-BACC-9B46115D186B}
		{D9E7B74F-8F62-482E-B4CF-CD53906EB444} = {20D36206-8405-427C-B8CA-32A1C62E299D}
		{5725D856-43F5-49AD-9D54-02C7A8AE72AC} = {20D36206-8405-427C-B8CA-32A1C62E299D}
	EndGlobalSection
	GlobalSection(ExtensibilityGlobals) = postSolution
		SolutionGuid = {CE04F925-5E95-4F14-97DA-CA103296A714}
	EndGlobalSection
EndGlobal
